{
  "lockfileVersion": 1,
  "configVersion": 1,
  "workspaces": {
    "": {
      "name": "restraml",
      "dependencies": {
        "js-yaml": "^4.1.1",
      },
      "devDependencies": {
        "@biomejs/biome": "^2.0.0",
        "ajv": "^8.18.0",
        "ajv-formats": "^3.0.1",
        "webapi-parser": "^0.5.0",
      },
    },
  },
  "packages": {
    "@biomejs/biome": ["@biomejs/biome@2.4.7", "", { "optionalDependencies": { "@biomejs/cli-darwin-arm64": "2.4.7", "@biomejs/cli-darwin-x64": "2.4.7", "@biomejs/cli-linux-arm64": "2.4.7", "@biomejs/cli-linux-arm64-musl": "2.4.7", "@biomejs/cli-linux-x64": "2.4.7", "@biomejs/cli-linux-x64-musl": "2.4.7", "@biomejs/cli-win32-arm64": "2.4.7", "@biomejs/cli-win32-x64": "2.4.7" }, "bin": { "biome": "bin/biome" } }, "sha512-vXrgcmNGZ4lpdwZSpMf1hWw1aWS6B+SyeSYKTLrNsiUsAdSRN0J4d/7mF3ogJFbIwFFSOL3wT92Zzxia/d5/ng=="],

    "@biomejs/cli-darwin-arm64": ["@biomejs/cli-darwin-arm64@2.4.7", "", { "os": "darwin", "cpu": "arm64" }, "sha512-Oo0cF5mHzmvDmTXw8XSjhCia8K6YrZnk7aCS54+/HxyMdZMruMO3nfpDsrlar/EQWe41r1qrwKiCa2QDYHDzWA=="],

    "@biomejs/cli-darwin-x64": ["@biomejs/cli-darwin-x64@2.4.7", "", { "os": "darwin", "cpu": "x64" }, "sha512-I+cOG3sd/7HdFtvDSnF9QQPrWguUH7zrkIMMykM3PtfWU9soTcS2yRb9Myq6MHmzbeCT08D1UmY+BaiMl5CcoQ=="],

    "@biomejs/cli-linux-arm64": ["@biomejs/cli-linux-arm64@2.4.7", "", { "os": "linux", "cpu": "arm64" }, "sha512-om6FugwmibzfP/6ALj5WRDVSND4H2G9X0nkI1HZpp2ySf9lW2j0X68oQSaHEnls6666oy4KDsc5RFjT4m0kV0w=="],

    "@biomejs/cli-linux-arm64-musl": ["@biomejs/cli-linux-arm64-musl@2.4.7", "", { "os": "linux", "cpu": "arm64" }, "sha512-I2NvM9KPb09jWml93O2/5WMfNR7Lee5Latag1JThDRMURVhPX74p9UDnyTw3Ae6cE1DgXfw7sqQgX7rkvpc0vw=="],

    "@biomejs/cli-linux-x64": ["@biomejs/cli-linux-x64@2.4.7", "", { "os": "linux", "cpu": "x64" }, "sha512-bV8/uo2Tj+gumnk4sUdkerWyCPRabaZdv88IpbmDWARQQoA/Q0YaqPz1a+LSEDIL7OfrnPi9Hq1Llz4ZIGyIQQ=="],

    "@biomejs/cli-linux-x64-musl": ["@biomejs/cli-linux-x64-musl@2.4.7", "", { "os": "linux", "cpu": "x64" }, "sha512-00kx4YrBMU8374zd2wHuRV5wseh0rom5HqRND+vDldJPrWwQw+mzd/d8byI9hPx926CG+vWzq6AeiT7Yi5y59g=="],

    "@biomejs/cli-win32-arm64": ["@biomejs/cli-win32-arm64@2.4.7", "", { "os": "win32", "cpu": "arm64" }, "sha512-hOUHBMlFCvDhu3WCq6vaBoG0dp0LkWxSEnEEsxxXvOa9TfT6ZBnbh72A/xBM7CBYB7WgwqboetzFEVDnMxelyw=="],

    "@biomejs/cli-win32-x64": ["@biomejs/cli-win32-x64@2.4.7", "", { "os": "win32", "cpu": "x64" }, "sha512-qEpGjSkPC3qX4ycbMUthXvi9CkRq7kZpkqMY1OyhmYlYLnANnooDQ7hDerM8+0NJ+DZKVnsIc07h30XOpt7LtQ=="],

    "ajv": ["ajv@8.18.0", "", { "dependencies": { "fast-deep-equal": "^3.1.3", "fast-uri": "^3.0.1", "json-schema-traverse": "^1.0.0", "require-from-string": "^2.0.2" } }, "sha512-PlXPeEWMXMZ7sPYOHqmDyCJzcfNrUr3fGNKtezX14ykXOEIvyK81d+qydx89KY5O71FKMPaQ2vBfBFI5NHR63A=="],

    "ajv-formats": ["ajv-formats@3.0.1", "", { "dependencies": { "ajv": "^8.0.0" } }, "sha512-8iUql50EUR+uUcdRQ3HDqa6EVyo3docL8g5WJ3FNcWmu62IbkGUue/pEyLBW8VGKKucTPgqeks4fIU1DA4yowQ=="],

    "argparse": ["argparse@2.0.1", "", {}, "sha512-8+9WqebbFzpX9OR+Wa6O29asIogeRMzcGtAINdpMHHyAg10f05aSFVBbcEqGf/PXw1EjAZ+q2/bEBg3DvurK3Q=="],

    "fast-deep-equal": ["fast-deep-equal@3.1.3", "", {}, "sha512-f3qQ9oQy9j2AhBe/H9VC91wLmKBCCU/gDOnKNAYG5hswO7BLKj09Hc5HYNz9cGI++xlpDCIgDaitVs03ATR84Q=="],

    "fast-json-stable-stringify": ["fast-json-stable-stringify@2.1.0", "", {}, "sha512-lhd/wF+Lk98HZoTCtlVraHtfh5XYijIjalXck7saUtuanSDyLMxnHhSXEDJqHxD7msR8D0uCmqlkwjCV8xvwHw=="],

    "fast-uri": ["fast-uri@3.1.0", "", {}, "sha512-iPeeDKJSWf4IEOasVVrknXpaBV0IApz/gp7S2bb7Z4Lljbl2MGJRqInZiUrQwV16cpzw/D3S5j5Julj/gT52AA=="],

    "js-yaml": ["js-yaml@4.1.1", "", { "dependencies": { "argparse": "^2.0.1" }, "bin": { "js-yaml": "bin/js-yaml.js" } }, "sha512-qQKT4zQxXl8lLwBtHMWwaTcGfFOZviOJet3Oy/xmGk2gZH677CJM9EvtfdSkgWcATZhj/55JZ0rmy3myCT5lsA=="],

    "json-schema-traverse": ["json-schema-traverse@1.0.0", "", {}, "sha512-NM8/P9n3XjXhIZn1lLhkFaACTOURQXjWhV4BA/RnOv8xvgqtqpAX9IO4mRQxSx1Rlo4tqzeqb0sOlruaOy3dug=="],

    "punycode": ["punycode@2.3.1", "", {}, "sha512-vYt7UD1U9Wg6138shLtLOvdAu+8DsC/ilFtEVHcH+wydcSpNE20AfSOduf6MkRFahL5FY7X1oU7nKVZFtfq8Fg=="],

    "require-from-string": ["require-from-string@2.0.2", "", {}, "sha512-Xf0nWe6RseziFMu+Ap9biiUbmplq6S9/p+7w7YXP/JBHhrUDDUhwa+vANyubuqfZWTveU//DYVGsDG7RKL/vEw=="],

    "uri-js": ["uri-js@4.4.1", "", { "dependencies": { "punycode": "^2.1.0" } }, "sha512-7rKUyy33Q1yc98pQ1DAmLtwX109F7TIfWlW1Ydo8Wl1ii1SeHieeh0HHfPeL2fMXK6z0s8ecKs9frCuLJvndBg=="],

    "webapi-parser": ["webapi-parser@0.5.0", "", { "dependencies": { "ajv": "6.5.2" } }, "sha512-fPt6XuMqLSvBz8exwX4QE1UT+pROLHa00EMDCdO0ybICduwQ1V4f7AWX4pNOpCp+x+0FjczEsOxtQU0d8L3QKw=="],

    "webapi-parser/ajv": ["ajv@6.5.2", "", { "dependencies": { "fast-deep-equal": "^2.0.1", "fast-json-stable-stringify": "^2.0.0", "json-schema-traverse": "^0.4.1", "uri-js": "^4.2.1" } }, "sha512-hOs7GfvI6tUI1LfZddH82ky6mOMyTuY0mk7kE2pWpmhhUSkumzaTO5vbVwij39MdwPQWCV4Zv57Eo06NtL/GVA=="],

    "webapi-parser/ajv/fast-deep-equal": ["fast-deep-equal@2.0.1", "", {}, "sha512-bCK/2Z4zLidyB4ReuIsvALH6w31YfAQDmXMqMx6FyfHqvBxtjC0eRumeSu4Bs3XtXwpyIywtSTrVT99BxY1f9w=="],

    "webapi-parser/ajv/json-schema-traverse": ["json-schema-traverse@0.4.1", "", {}, "sha512-xbbCH5dCYU5T8LcEhhuh7HJ88HXuW3qsI3Y0zOZFKfZEHcpWiHU/Jxzk629Brsab/mMiHQti9wMP+845RPe3Vg=="],
  }
}
